
Microsoft Visual Studio Solution File, Format Version 12.00
# Visual Studio 14
VisualStudioVersion = 14.0.25420.1
MinimumVisualStudioVersion = 10.0.40219.1
Project("{FAE04EC0-301F-11D3-BF4B-00C04F79EFBC}") = "JxMain", "JxMain\JxMain.csproj", "{28DB28F0-BF6D-42B5-9AD9-657A09CCF8B0}"
EndProject
Project("{FAE04EC0-301F-11D3-BF4B-00C04F79EFBC}") = "Jx", "Jx\Jx.csproj", "{CFA4B908-1B01-49D5-AD2D-A535CBCDA042}"
EndProject
Project("{FAE04EC0-301F-11D3-BF4B-00C04F79EFBC}") = "Jx.IO", "Jx.IO\Jx.IO.csproj", "{1796ED22-D12F-4DE2-89D8-047B2A82BC8E}"
EndProject
Project("{FAE04EC0-301F-11D3-BF4B-00C04F79EFBC}") = "Jx.UI", "Jx.UI\Jx.UI.csproj", "{C09AF302-C508-4D5C-91A6-0669A9FA5BE7}"
EndProject
Project("{FAE04EC0-301F-11D3-BF4B-00C04F79EFBC}") = "JxTest", "JxTest\JxTest.csproj", "{A458CF70-8A22-4EE4-9079-FA8C571E6133}"
EndProject
Project("{FAE04EC0-301F-11D3-BF4B-00C04F79EFBC}") = "Jx.EntitySystem", "Jx.EntitySystem\Jx.EntitySystem.csproj", "{1F14F57B-C1FA-4F62-A290-CEC225237313}"
EndProject
Project("{FAE04EC0-301F-11D3-BF4B-00C04F79EFBC}") = "Jx.Ext", "Jx.Ext\Jx.Ext.csproj", "{72EF6BB2-1A13-4A0C-B6DF-C2D90DCB165F}"
EndProject
Project("{FAE04EC0-301F-11D3-BF4B-00C04F79EFBC}") = "Jx.FileSystem", "Jx.FileSystem\Jx.FileSystem.csproj", "{FEB8FE8F-3399-48C8-AD0C-C86709ADC89B}"
EndProject
Project("{FAE04EC0-301F-11D3-BF4B-00C04F79EFBC}") = "Jx.Entities", "Jx.Entities\Jx.Entities.csproj", "{BA2442D4-CB7B-4032-B5F6-0BC2F8151115}"
EndProject
Project("{FAE04EC0-301F-11D3-BF4B-00C04F79EFBC}") = "JxRes", "JxRes\JxRes.csproj", "{1B73D577-4C27-46C7-8F65-FE05F7721BAA}"
EndProject
Project("{2150E333-8FDC-42A3-9474-1A3956D46DE8}") = "Support", "Support", "{14D507CD-C8EB-41BF-96B4-8AFC47C858C1}"
EndProject
Project("{2150E333-8FDC-42A3-9474-1A3956D46DE8}") = "DockPanelSuite", "DockPanelSuite", "{6C85C9FF-3BEC-459C-8BD8-A88035FF2DC6}"
EndProject
Project("{FAE04EC0-301F-11D3-BF4B-00C04F79EFBC}") = "WinFormsUI", "Support\DockPanelSuite\WinFormsUI\WinFormsUI.csproj", "{C75532C4-765B-418E-B09B-46D36B2ABDB1}"
EndProject
Project("{FAE04EC0-301F-11D3-BF4B-00C04F79EFBC}") = "ThemeVS2015", "Support\DockPanelSuite\WinFormsUI\ThemeVS2015.csproj", "{007D4AC8-948F-4816-86AD-B9D1343672C1}"
EndProject
Project("{FAE04EC0-301F-11D3-BF4B-00C04F79EFBC}") = "Jx.Editors", "Jx.Editors\Jx.Editors.csproj", "{762D1435-8784-448D-9486-3CE30787B6BB}"
EndProject
Project("{FAE04EC0-301F-11D3-BF4B-00C04F79EFBC}") = "JxDesign", "JxDesign\JxDesign.csproj", "{B30DDF74-390D-479D-96C0-3E768C31AB4E}"
EndProject
Project("{FAE04EC0-301F-11D3-BF4B-00C04F79EFBC}") = "JxRes.Addon", "JxRes.Addon\JxRes.Addon.csproj", "{BC75D6F5-293F-471D-8E01-3BCED930987E}"
EndProject
Project("{2150E333-8FDC-42A3-9474-1A3956D46DE8}") = "Documents", "Documents", "{6180CE1E-751A-49D8-B471-3CB08D28F35F}"
EndProject
Project("{2150E333-8FDC-42A3-9474-1A3956D46DE8}") = "BehaviorTree", "BehaviorTree", "{A6DBDB24-8785-4AF5-A2FD-6DE98C76831A}"
	ProjectSection(SolutionItems) = preProject
		Documents\BehaviorTree\行为树.txt = Documents\BehaviorTree\行为树.txt
	EndProjectSection
EndProject
Global
	GlobalSection(SolutionConfigurationPlatforms) = preSolution
		Debug|Any CPU = Debug|Any CPU
		Release|Any CPU = Release|Any CPU
	EndGlobalSection
	GlobalSection(ProjectConfigurationPlatforms) = postSolution
		{28DB28F0-BF6D-42B5-9AD9-657A09CCF8B0}.Debug|Any CPU.ActiveCfg = Debug|Any CPU
		{28DB28F0-BF6D-42B5-9AD9-657A09CCF8B0}.Debug|Any CPU.Build.0 = Debug|Any CPU
		{28DB28F0-BF6D-42B5-9AD9-657A09CCF8B0}.Release|Any CPU.ActiveCfg = Release|Any CPU
		{28DB28F0-BF6D-42B5-9AD9-657A09CCF8B0}.Release|Any CPU.Build.0 = Release|Any CPU
		{CFA4B908-1B01-49D5-AD2D-A535CBCDA042}.Debug|Any CPU.ActiveCfg = Debug|Any CPU
		{CFA4B908-1B01-49D5-AD2D-A535CBCDA042}.Debug|Any CPU.Build.0 = Debug|Any CPU
		{CFA4B908-1B01-49D5-AD2D-A535CBCDA042}.Release|Any CPU.ActiveCfg = Release|Any CPU
		{CFA4B908-1B01-49D5-AD2D-A535CBCDA042}.Release|Any CPU.Build.0 = Release|Any CPU
		{1796ED22-D12F-4DE2-89D8-047B2A82BC8E}.Debug|Any CPU.ActiveCfg = Debug|Any CPU
		{1796ED22-D12F-4DE2-89D8-047B2A82BC8E}.Debug|Any CPU.Build.0 = Debug|Any CPU
		{1796ED22-D12F-4DE2-89D8-047B2A82BC8E}.Release|Any CPU.ActiveCfg = Release|Any CPU
		{1796ED22-D12F-4DE2-89D8-047B2A82BC8E}.Release|Any CPU.Build.0 = Release|Any CPU
		{C09AF302-C508-4D5C-91A6-0669A9FA5BE7}.Debug|Any CPU.ActiveCfg = Debug|Any CPU
		{C09AF302-C508-4D5C-91A6-0669A9FA5BE7}.Debug|Any CPU.Build.0 = Debug|Any CPU
		{C09AF302-C508-4D5C-91A6-0669A9FA5BE7}.Release|Any CPU.ActiveCfg = Release|Any CPU
		{C09AF302-C508-4D5C-91A6-0669A9FA5BE7}.Release|Any CPU.Build.0 = Release|Any CPU
		{A458CF70-8A22-4EE4-9079-FA8C571E6133}.Debug|Any CPU.ActiveCfg = Debug|Any CPU
		{A458CF70-8A22-4EE4-9079-FA8C571E6133}.Debug|Any CPU.Build.0 = Debug|Any CPU
		{A458CF70-8A22-4EE4-9079-FA8C571E6133}.Release|Any CPU.ActiveCfg = Release|Any CPU
		{A458CF70-8A22-4EE4-9079-FA8C571E6133}.Release|Any CPU.Build.0 = Release|Any CPU
		{1F14F57B-C1FA-4F62-A290-CEC225237313}.Debug|Any CPU.ActiveCfg = Debug|Any CPU
		{1F14F57B-C1FA-4F62-A290-CEC225237313}.Debug|Any CPU.Build.0 = Debug|Any CPU
		{1F14F57B-C1FA-4F62-A290-CEC225237313}.Release|Any CPU.ActiveCfg = Release|Any CPU
		{1F14F57B-C1FA-4F62-A290-CEC225237313}.Release|Any CPU.Build.0 = Release|Any CPU
		{72EF6BB2-1A13-4A0C-B6DF-C2D90DCB165F}.Debug|Any CPU.ActiveCfg = Debug|Any CPU
		{72EF6BB2-1A13-4A0C-B6DF-C2D90DCB165F}.Debug|Any CPU.Build.0 = Debug|Any CPU
		{72EF6BB2-1A13-4A0C-B6DF-C2D90DCB165F}.Release|Any CPU.ActiveCfg = Release|Any CPU
		{72EF6BB2-1A13-4A0C-B6DF-C2D90DCB165F}.Release|Any CPU.Build.0 = Release|Any CPU
		{FEB8FE8F-3399-48C8-AD0C-C86709ADC89B}.Debug|Any CPU.ActiveCfg = Debug|Any CPU
		{FEB8FE8F-3399-48C8-AD0C-C86709ADC89B}.Debug|Any CPU.Build.0 = Debug|Any CPU
		{FEB8FE8F-3399-48C8-AD0C-C86709ADC89B}.Release|Any CPU.ActiveCfg = Release|Any CPU
		{FEB8FE8F-3399-48C8-AD0C-C86709ADC89B}.Release|Any CPU.Build.0 = Release|Any CPU
		{BA2442D4-CB7B-4032-B5F6-0BC2F8151115}.Debug|Any CPU.ActiveCfg = Debug|Any CPU
		{BA2442D4-CB7B-4032-B5F6-0BC2F8151115}.Debug|Any CPU.Build.0 = Debug|Any CPU
		{BA2442D4-CB7B-4032-B5F6-0BC2F8151115}.Release|Any CPU.ActiveCfg = Release|Any CPU
		{BA2442D4-CB7B-4032-B5F6-0BC2F8151115}.Release|Any CPU.Build.0 = Release|Any CPU
		{1B73D577-4C27-46C7-8F65-FE05F7721BAA}.Debug|Any CPU.ActiveCfg = Debug|Any CPU
		{1B73D577-4C27-46C7-8F65-FE05F7721BAA}.Debug|Any CPU.Build.0 = Debug|Any CPU
		{1B73D577-4C27-46C7-8F65-FE05F7721BAA}.Release|Any CPU.ActiveCfg = Release|Any CPU
		{1B73D577-4C27-46C7-8F65-FE05F7721BAA}.Release|Any CPU.Build.0 = Release|Any CPU
		{C75532C4-765B-418E-B09B-46D36B2ABDB1}.Debug|Any CPU.ActiveCfg = Debug|Any CPU
		{C75532C4-765B-418E-B09B-46D36B2ABDB1}.Debug|Any CPU.Build.0 = Debug|Any CPU
		{C75532C4-765B-418E-B09B-46D36B2ABDB1}.Release|Any CPU.ActiveCfg = Release|Any CPU
		{C75532C4-765B-418E-B09B-46D36B2ABDB1}.Release|Any CPU.Build.0 = Release|Any CPU
		{007D4AC8-948F-4816-86AD-B9D1343672C1}.Debug|Any CPU.ActiveCfg = Debug|Any CPU
		{007D4AC8-948F-4816-86AD-B9D1343672C1}.Debug|Any CPU.Build.0 = Debug|Any CPU
		{007D4AC8-948F-4816-86AD-B9D1343672C1}.Release|Any CPU.ActiveCfg = Release|Any CPU
		{007D4AC8-948F-4816-86AD-B9D1343672C1}.Release|Any CPU.Build.0 = Release|Any CPU
		{762D1435-8784-448D-9486-3CE30787B6BB}.Debug|Any CPU.ActiveCfg = Debug|Any CPU
		{762D1435-8784-448D-9486-3CE30787B6BB}.Debug|Any CPU.Build.0 = Debug|Any CPU
		{762D1435-8784-448D-9486-3CE30787B6BB}.Release|Any CPU.ActiveCfg = Release|Any CPU
		{762D1435-8784-448D-9486-3CE30787B6BB}.Release|Any CPU.Build.0 = Release|Any CPU
		{B30DDF74-390D-479D-96C0-3E768C31AB4E}.Debug|Any CPU.ActiveCfg = Debug|Any CPU
		{B30DDF74-390D-479D-96C0-3E768C31AB4E}.Debug|Any CPU.Build.0 = Debug|Any CPU
		{B30DDF74-390D-479D-96C0-3E768C31AB4E}.Release|Any CPU.ActiveCfg = Release|Any CPU
		{B30DDF74-390D-479D-96C0-3E768C31AB4E}.Release|Any CPU.Build.0 = Release|Any CPU
		{BC75D6F5-293F-471D-8E01-3BCED930987E}.Debug|Any CPU.ActiveCfg = Debug|Any CPU
		{BC75D6F5-293F-471D-8E01-3BCED930987E}.Debug|Any CPU.Build.0 = Debug|Any CPU
		{BC75D6F5-293F-471D-8E01-3BCED930987E}.Release|Any CPU.ActiveCfg = Release|Any CPU
		{BC75D6F5-293F-471D-8E01-3BCED930987E}.Release|Any CPU.Build.0 = Release|Any CPU
	EndGlobalSection
	GlobalSection(SolutionProperties) = preSolution
		HideSolutionNode = FALSE
	EndGlobalSection
	GlobalSection(NestedProjects) = preSolution
		{6C85C9FF-3BEC-459C-8BD8-A88035FF2DC6} = {14D507CD-C8EB-41BF-96B4-8AFC47C858C1}
		{C75532C4-765B-418E-B09B-46D36B2ABDB1} = {6C85C9FF-3BEC-459C-8BD8-A88035FF2DC6}
		{007D4AC8-948F-4816-86AD-B9D1343672C1} = {6C85C9FF-3BEC-459C-8BD8-A88035FF2DC6}
		{A6DBDB24-8785-4AF5-A2FD-6DE98C76831A} = {6180CE1E-751A-49D8-B471-3CB08D28F35F}
	EndGlobalSection
EndGlobal
